
Microsoft Visual Studio Solution File, Format Version 12.00
# Visual Studio Version 17
VisualStudioVersion = 17.5.33516.290
MinimumVisualStudioVersion = 10.0.40219.1
Project("{FAE04EC0-301F-11D3-BF4B-00C04F79EFBC}") = "CodeProject.Core", "CodeProject.Core\CodeProject.Core.csproj", "{A1B35163-BB72-4BE2-A081-2570A4AD8440}"
EndProject
Project("{FAE04EC0-301F-11D3-BF4B-00C04F79EFBC}") = "CodeProject.DataAccess", "CodeProject.DataAccess\CodeProject.DataAccess.csproj", "{2A945C0B-00EB-4995-8B45-BC6B1B519DEB}"
EndProject
Project("{FAE04EC0-301F-11D3-BF4B-00C04F79EFBC}") = "CodeProject.Business", "CodeProject.Business\CodeProject.Business.csproj", "{98E6CAA0-C557-43B5-B4E2-46538A7EAF7D}"
EndProject
Global
	GlobalSection(SolutionConfigurationPlatforms) = preSolution
		Debug|Any CPU = Debug|Any CPU
		Release|Any CPU = Release|Any CPU
	EndGlobalSection
	GlobalSection(ProjectConfigurationPlatforms) = postSolution
		{A1B35163-BB72-4BE2-A081-2570A4AD8440}.Debug|Any CPU.ActiveCfg = Debug|Any CPU
		{A1B35163-BB72-4BE2-A081-2570A4AD8440}.Debug|Any CPU.Build.0 = Debug|Any CPU
		{A1B35163-BB72-4BE2-A081-2570A4AD8440}.Release|Any CPU.ActiveCfg = Release|Any CPU
		{A1B35163-BB72-4BE2-A081-2570A4AD8440}.Release|Any CPU.Build.0 = Release|Any CPU
		{2A945C0B-00EB-4995-8B45-BC6B1B519DEB}.Debug|Any CPU.ActiveCfg = Debug|Any CPU
		{2A945C0B-00EB-4995-8B45-BC6B1B519DEB}.Debug|Any CPU.Build.0 = Debug|Any CPU
		{2A945C0B-00EB-4995-8B45-BC6B1B519DEB}.Release|Any CPU.ActiveCfg = Release|Any CPU
		{2A945C0B-00EB-4995-8B45-BC6B1B519DEB}.Release|Any CPU.Build.0 = Release|Any CPU
		{98E6CAA0-C557-43B5-B4E2-46538A7EAF7D}.Debug|Any CPU.ActiveCfg = Debug|Any CPU
		{98E6CAA0-C557-43B5-B4E2-46538A7EAF7D}.Debug|Any CPU.Build.0 = Debug|Any CPU
		{98E6CAA0-C557-43B5-B4E2-46538A7EAF7D}.Release|Any CPU.ActiveCfg = Release|Any CPU
		{98E6CAA0-C557-43B5-B4E2-46538A7EAF7D}.Release|Any CPU.Build.0 = Release|Any CPU
	EndGlobalSection
	GlobalSection(SolutionProperties) = preSolution
		HideSolutionNode = FALSE
	EndGlobalSection
	GlobalSection(ExtensibilityGlobals) = postSolution
		SolutionGuid = {A8D1E711-01BF-4A36-8EA5-7E0EA9E20573}
	EndGlobalSection
EndGlobal
